
Microsoft Visual Studio Solution File, Format Version 12.00
# Visual Studio 14
VisualStudioVersion = 14.0.25420.1
MinimumVisualStudioVersion = 10.0.40219.1
Project("{FAE04EC0-301F-11D3-BF4B-00C04F79EFBC}") = "Tam", "Tam\Tam.csproj", "{DBABCFD7-630A-4CDC-9036-59EFC9C03D18}"
EndProject
Project("{FAE04EC0-301F-11D3-BF4B-00C04F79EFBC}") = "Tam.Tests", "Tam.Tests\Tam.Tests.csproj", "{15F92DCE-80DE-40F1-8BAF-49C7B970FDF7}"
EndProject
Global
	GlobalSection(SolutionConfigurationPlatforms) = preSolution
		Debug|Any CPU = Debug|Any CPU
		Release|Any CPU = Release|Any CPU
	EndGlobalSection
	GlobalSection(ProjectConfigurationPlatforms) = postSolution
		{DBABCFD7-630A-4CDC-9036-59EFC9C03D18}.Debug|Any CPU.ActiveCfg = Debug|Any CPU
		{DBABCFD7-630A-4CDC-9036-59EFC9C03D18}.Debug|Any CPU.Build.0 = Debug|Any CPU
		{DBABCFD7-630A-4CDC-9036-59EFC9C03D18}.Release|Any CPU.ActiveCfg = Release|Any CPU
		{DBABCFD7-630A-4CDC-9036-59EFC9C03D18}.Release|Any CPU.Build.0 = Release|Any CPU
		{15F92DCE-80DE-40F1-8BAF-49C7B970FDF7}.Debug|Any CPU.ActiveCfg = Debug|Any CPU
		{15F92DCE-80DE-40F1-8BAF-49C7B970FDF7}.Debug|Any CPU.Build.0 = Debug|Any CPU
		{15F92DCE-80DE-40F1-8BAF-49C7B970FDF7}.Release|Any CPU.ActiveCfg = Release|Any CPU
		{15F92DCE-80DE-40F1-8BAF-49C7B970FDF7}.Release|Any CPU.Build.0 = Release|Any CPU
	EndGlobalSection
	GlobalSection(SolutionProperties) = preSolution
		HideSolutionNode = FALSE
	EndGlobalSection
EndGlobal
